# THIS IS AN AUTOGENERATED FILE. DO NOT EDIT THIS FILE DIRECTLY.
# yarn lockfile v1


"@google/generative-ai@^0.22.0":
  version "0.22.0"
  resolved "https://registry.yarnpkg.com/@google/generative-ai/-/generative-ai-0.22.0.tgz#e77a1a3911f4f98bf9e965ad7c4b1ee2130abd26"
  integrity sha512-mLR3PDWCk5O/BWNyDvFDIiwKeXQmFGZ+kJFd9m73QrUPCFREttJyVbBPTW4y9CwTbaltLMDaLDfroCrRv5Bl8Q==
